
Microsoft Visual Studio Solution File, Format Version 12.00
# Visual Studio 15
VisualStudioVersion = 15.0.28307.106
MinimumVisualStudioVersion = 10.0.40219.1
Project("{FAE04EC0-301F-11D3-BF4B-00C04F79EFBC}") = "MusicSharing", "MusicSharing\MusicSharing.csproj", "{72258A16-6C3E-456D-9161-0834610134C7}"
EndProject
Global
	GlobalSection(SolutionConfigurationPlatforms) = preSolution
		Debug|Any CPU = Debug|Any CPU
		Release|Any CPU = Release|Any CPU
	EndGlobalSection
	GlobalSection(ProjectConfigurationPlatforms) = postSolution
		{72258A16-6C3E-456D-9161-0834610134C7}.Debug|Any CPU.ActiveCfg = Debug|Any CPU
		{72258A16-6C3E-456D-9161-0834610134C7}.Debug|Any CPU.Build.0 = Debug|Any CPU
		{72258A16-6C3E-456D-9161-0834610134C7}.Release|Any CPU.ActiveCfg = Release|Any CPU
		{72258A16-6C3E-456D-9161-0834610134C7}.Release|Any CPU.Build.0 = Release|Any CPU
	EndGlobalSection
	GlobalSection(SolutionProperties) = preSolution
		HideSolutionNode = FALSE
	EndGlobalSection
	GlobalSection(ExtensibilityGlobals) = postSolution
		SolutionGuid = {5C129240-FE51-45D0-982B-E293E0D4DC46}
	EndGlobalSection
EndGlobal
